// !$*UTF8*$!
{
	archiveVersion = 1;
	classes = {
	};
	objectVersion = 56;
	objects = {

/* Begin PBXBuildFile section */
		E70700702B191F6400BE82DA /* WidgetKit.framework in Frameworks */ = {isa = PBXBuildFile; fileRef = E707006F2B191F6400BE82DA /* WidgetKit.framework */; };
		E70700722B191F6400BE82DA /* SwiftUI.framework in Frameworks */ = {isa = PBXBuildFile; fileRef = E70700712B191F6400BE82DA /* SwiftUI.framework */; };
		E70700752B191F6400BE82DA /* WidgetBundle.swift in Sources */ = {isa = PBXBuildFile; fileRef = E70700742B191F6400BE82DA /* WidgetBundle.swift */; };
		E70700792B191F6400BE82DA /* Widget.swift in Sources */ = {isa = PBXBuildFile; fileRef = E70700782B191F6400BE82DA /* Widget.swift */; };
		E707007B2B191F6400BE82DA /* AppIntent.swift in Sources */ = {isa = PBXBuildFile; fileRef = E707007A2B191F6400BE82DA /* AppIntent.swift */; };
		E707007D2B191F6500BE82DA /* Assets.xcassets in Resources */ = {isa = PBXBuildFile; fileRef = E707007C2B191F6500BE82DA /* Assets.xcassets */; };
		E77FEEAA2B1D237F00AAB05B /* AppDelegate.swift in Sources */ = {isa = PBXBuildFile; fileRef = E77FEEA92B1D237F00AAB05B /* AppDelegate.swift */; };
		E77FEEAC2B1D237F00AAB05B /* SceneDelegate.swift in Sources */ = {isa = PBXBuildFile; fileRef = E77FEEAB2B1D237F00AAB05B /* SceneDelegate.swift */; };
		E77FEEAE2B1D237F00AAB05B /* ViewController.swift in Sources */ = {isa = PBXBuildFile; fileRef = E77FEEAD2B1D237F00AAB05B /* ViewController.swift */; };
		E77FEEB12B1D237F00AAB05B /* Main.storyboard in Resources */ = {isa = PBXBuildFile; fileRef = E77FEEAF2B1D237F00AAB05B /* Main.storyboard */; };
		E77FEEB32B1D238000AAB05B /* Assets.xcassets in Resources */ = {isa = PBXBuildFile; fileRef = E77FEEB22B1D238000AAB05B /* Assets.xcassets */; };
		E77FEEB62B1D238000AAB05B /* LaunchScreen.storyboard in Resources */ = {isa = PBXBuildFile; fileRef = E77FEEB42B1D238000AAB05B /* LaunchScreen.storyboard */; };
		E77FEEBE2B1D274400AAB05B /* WidgetExtension.appex in CopyFiles */ = {isa = PBXBuildFile; fileRef = E707006D2B191F6400BE82DA /* WidgetExtension.appex */; settings = {ATTRIBUTES = (RemoveHeadersOnCopy, ); }; };
/* End PBXBuildFile section */

/* Begin PBXCopyFilesBuildPhase section */
		E77FEEBD2B1D272000AAB05B /* CopyFiles */ = {
			isa = PBXCopyFilesBuildPhase;
			buildActionMask = 2147483647;
			dstPath = "";
			dstSubfolderSpec = 13;
			files = (
				E77FEEBE2B1D274400AAB05B /* WidgetExtension.appex in CopyFiles */,
			);
			runOnlyForDeploymentPostprocessing = 0;
		};
/* End PBXCopyFilesBuildPhase section */

/* Begin PBXFileReference section */
		E707006D2B191F6400BE82DA /* WidgetExtension.appex */ = {isa = PBXFileReference; explicitFileType = "wrapper.app-extension"; includeInIndex = 0; path = WidgetExtension.appex; sourceTree = BUILT_PRODUCTS_DIR; };
		E707006F2B191F6400BE82DA /* WidgetKit.framework */ = {isa = PBXFileReference; lastKnownFileType = wrapper.framework; name = WidgetKit.framework; path = System/Library/Frameworks/WidgetKit.framework; sourceTree = SDKROOT; };
		E70700712B191F6400BE82DA /* SwiftUI.framework */ = {isa = PBXFileReference; lastKnownFileType = wrapper.framework; name = SwiftUI.framework; path = System/Library/Frameworks/SwiftUI.framework; sourceTree = SDKROOT; };
		E70700742B191F6400BE82DA /* WidgetBundle.swift */ = {isa = PBXFileReference; lastKnownFileType = sourcecode.swift; path = WidgetBundle.swift; sourceTree = "<group>"; };
		E70700782B191F6400BE82DA /* Widget.swift */ = {isa = PBXFileReference; lastKnownFileType = sourcecode.swift; path = Widget.swift; sourceTree = "<group>"; };
		E707007A2B191F6400BE82DA /* AppIntent.swift */ = {isa = PBXFileReference; lastKnownFileType = sourcecode.swift; path = AppIntent.swift; sourceTree = "<group>"; };
		E707007C2B191F6500BE82DA /* Assets.xcassets */ = {isa = PBXFileReference; lastKnownFileType = folder.assetcatalog; path = Assets.xcassets; sourceTree = "<group>"; };
		E707007E2B191F6500BE82DA /* Info.plist */ = {isa = PBXFileReference; lastKnownFileType = text.plist.xml; path = Info.plist; sourceTree = "<group>"; };
		E76B83F82B1BF56700E002A6 /* WidgetExtension.entitlements */ = {isa = PBXFileReference; lastKnownFileType = text.plist.entitlements; path = WidgetExtension.entitlements; sourceTree = "<group>"; };
		E77FEEA72B1D237F00AAB05B /* JKChat.iOS.Widget.Native.app */ = {isa = PBXFileReference; explicitFileType = wrapper.application; includeInIndex = 0; path = JKChat.iOS.Widget.Native.app; sourceTree = BUILT_PRODUCTS_DIR; };
		E77FEEA92B1D237F00AAB05B /* AppDelegate.swift */ = {isa = PBXFileReference; lastKnownFileType = sourcecode.swift; path = AppDelegate.swift; sourceTree = "<group>"; };
		E77FEEAB2B1D237F00AAB05B /* SceneDelegate.swift */ = {isa = PBXFileReference; lastKnownFileType = sourcecode.swift; path = SceneDelegate.swift; sourceTree = "<group>"; };
		E77FEEAD2B1D237F00AAB05B /* ViewController.swift */ = {isa = PBXFileReference; lastKnownFileType = sourcecode.swift; path = ViewController.swift; sourceTree = "<group>"; };
		E77FEEB02B1D237F00AAB05B /* Base */ = {isa = PBXFileReference; lastKnownFileType = file.storyboard; name = Base; path = Base.lproj/Main.storyboard; sourceTree = "<group>"; };
		E77FEEB22B1D238000AAB05B /* Assets.xcassets */ = {isa = PBXFileReference; lastKnownFileType = folder.assetcatalog; path = Assets.xcassets; sourceTree = "<group>"; };
		E77FEEB52B1D238000AAB05B /* Base */ = {isa = PBXFileReference; lastKnownFileType = file.storyboard; name = Base; path = Base.lproj/LaunchScreen.storyboard; sourceTree = "<group>"; };
		E77FEEB72B1D238000AAB05B /* Info.plist */ = {isa = PBXFileReference; lastKnownFileType = text.plist.xml; path = Info.plist; sourceTree = "<group>"; };
		E77FEEBB2B1D23B200AAB05B /* JKChat.iOS.Widget.Native.entitlements */ = {isa = PBXFileReference; lastKnownFileType = text.plist.entitlements; path = JKChat.iOS.Widget.Native.entitlements; sourceTree = "<group>"; };
/* End PBXFileReference section */

/* Begin PBXFrameworksBuildPhase section */
		E707006A2B191F6400BE82DA /* Frameworks */ = {
			isa = PBXFrameworksBuildPhase;
			buildActionMask = 2147483647;
			files = (
				E70700722B191F6400BE82DA /* SwiftUI.framework in Frameworks */,
				E70700702B191F6400BE82DA /* WidgetKit.framework in Frameworks */,
			);
			runOnlyForDeploymentPostprocessing = 0;
		};
		E77FEEA42B1D237F00AAB05B /* Frameworks */ = {
			isa = PBXFrameworksBuildPhase;
			buildActionMask = 2147483647;
			files = (
			);
			runOnlyForDeploymentPostprocessing = 0;
		};
/* End PBXFrameworksBuildPhase section */

/* Begin PBXGroup section */
		E70700492B191DD000BE82DA = {
			isa = PBXGroup;
			children = (
				E76B83F82B1BF56700E002A6 /* WidgetExtension.entitlements */,
				E70700732B191F6400BE82DA /* WidgetExtension */,
				E77FEEA82B1D237F00AAB05B /* JKChat.iOS.Widget.Native */,
				E707006E2B191F6400BE82DA /* Frameworks */,
				E70700532B191DD000BE82DA /* Products */,
			);
			sourceTree = "<group>";
		};
		E70700532B191DD000BE82DA /* Products */ = {
			isa = PBXGroup;
			children = (
				E707006D2B191F6400BE82DA /* WidgetExtension.appex */,
				E77FEEA72B1D237F00AAB05B /* JKChat.iOS.Widget.Native.app */,
			);
			name = Products;
			sourceTree = "<group>";
		};
		E707006E2B191F6400BE82DA /* Frameworks */ = {
			isa = PBXGroup;
			children = (
				E707006F2B191F6400BE82DA /* WidgetKit.framework */,
				E70700712B191F6400BE82DA /* SwiftUI.framework */,
			);
			name = Frameworks;
			sourceTree = "<group>";
		};
		E70700732B191F6400BE82DA /* WidgetExtension */ = {
			isa = PBXGroup;
			children = (
				E70700742B191F6400BE82DA /* WidgetBundle.swift */,
				E70700782B191F6400BE82DA /* Widget.swift */,
				E707007A2B191F6400BE82DA /* AppIntent.swift */,
				E707007C2B191F6500BE82DA /* Assets.xcassets */,
				E707007E2B191F6500BE82DA /* Info.plist */,
			);
			path = WidgetExtension;
			sourceTree = "<group>";
		};
		E77FEEA82B1D237F00AAB05B /* JKChat.iOS.Widget.Native */ = {
			isa = PBXGroup;
			children = (
				E77FEEBB2B1D23B200AAB05B /* JKChat.iOS.Widget.Native.entitlements */,
				E77FEEA92B1D237F00AAB05B /* AppDelegate.swift */,
				E77FEEAB2B1D237F00AAB05B /* SceneDelegate.swift */,
				E77FEEAD2B1D237F00AAB05B /* ViewController.swift */,
				E77FEEAF2B1D237F00AAB05B /* Main.storyboard */,
				E77FEEB22B1D238000AAB05B /* Assets.xcassets */,
				E77FEEB42B1D238000AAB05B /* LaunchScreen.storyboard */,
				E77FEEB72B1D238000AAB05B /* Info.plist */,
			);
			path = JKChat.iOS.Widget.Native;
			sourceTree = "<group>";
		};
/* End PBXGroup section */

/* Begin PBXNativeTarget section */
		E707006C2B191F6400BE82DA /* WidgetExtension */ = {
			isa = PBXNativeTarget;
			buildConfigurationList = E70700822B191F6500BE82DA /* Build configuration list for PBXNativeTarget "WidgetExtension" */;
			buildPhases = (
				E70700692B191F6400BE82DA /* Sources */,
				E707006A2B191F6400BE82DA /* Frameworks */,
				E707006B2B191F6400BE82DA /* Resources */,
			);
			buildRules = (
			);
			dependencies = (
			);
			name = WidgetExtension;
			productName = WidgetExtension;
			productReference = E707006D2B191F6400BE82DA /* WidgetExtension.appex */;
			productType = "com.apple.product-type.app-extension";
		};
		E77FEEA62B1D237F00AAB05B /* JKChat.iOS.Widget.Native */ = {
			isa = PBXNativeTarget;
			buildConfigurationList = E77FEEB82B1D238000AAB05B /* Build configuration list for PBXNativeTarget "JKChat.iOS.Widget.Native" */;
			buildPhases = (
				E77FEEA32B1D237F00AAB05B /* Sources */,
				E77FEEA42B1D237F00AAB05B /* Frameworks */,
				E77FEEA52B1D237F00AAB05B /* Resources */,
				E77FEEBD2B1D272000AAB05B /* CopyFiles */,
			);
			buildRules = (
			);
			dependencies = (
			);
			name = JKChat.iOS.Widget.Native;
			productName = JKChat.iOS.Widget.Native;
			productReference = E77FEEA72B1D237F00AAB05B /* JKChat.iOS.Widget.Native.app */;
			productType = "com.apple.product-type.application";
		};
/* End PBXNativeTarget section */

/* Begin PBXProject section */
		E707004A2B191DD000BE82DA /* Project object */ = {
			isa = PBXProject;
			attributes = {
				BuildIndependentTargetsInParallel = 1;
				LastSwiftUpdateCheck = 1500;
				LastUpgradeCheck = 1500;
				TargetAttributes = {
					E707006C2B191F6400BE82DA = {
						CreatedOnToolsVersion = 15.0.1;
					};
					E77FEEA62B1D237F00AAB05B = {
						CreatedOnToolsVersion = 15.0.1;
					};
				};
			};
			buildConfigurationList = E707004D2B191DD000BE82DA /* Build configuration list for PBXProject "JKChat.iOS.Widget.Native" */;
			compatibilityVersion = "Xcode 14.0";
			developmentRegion = en;
			hasScannedForEncodings = 0;
			knownRegions = (
				en,
				Base,
			);
			mainGroup = E70700492B191DD000BE82DA;
			productRefGroup = E70700532B191DD000BE82DA /* Products */;
			projectDirPath = "";
			projectRoot = "";
			targets = (
				E77FEEA62B1D237F00AAB05B /* JKChat.iOS.Widget.Native */,
				E707006C2B191F6400BE82DA /* WidgetExtension */,
			);
		};
/* End PBXProject section */

/* Begin PBXResourcesBuildPhase section */
		E707006B2B191F6400BE82DA /* Resources */ = {
			isa = PBXResourcesBuildPhase;
			buildActionMask = 2147483647;
			files = (
				E707007D2B191F6500BE82DA /* Assets.xcassets in Resources */,
			);
			runOnlyForDeploymentPostprocessing = 0;
		};
		E77FEEA52B1D237F00AAB05B /* Resources */ = {
			isa = PBXResourcesBuildPhase;
			buildActionMask = 2147483647;
			files = (
				E77FEEB62B1D238000AAB05B /* LaunchScreen.storyboard in Resources */,
				E77FEEB32B1D238000AAB05B /* Assets.xcassets in Resources */,
				E77FEEB12B1D237F00AAB05B /* Main.storyboard in Resources */,
			);
			runOnlyForDeploymentPostprocessing = 0;
		};
/* End PBXResourcesBuildPhase section */

/* Begin PBXSourcesBuildPhase section */
		E70700692B191F6400BE82DA /* Sources */ = {
			isa = PBXSourcesBuildPhase;
			buildActionMask = 2147483647;
			files = (
				E707007B2B191F6400BE82DA /* AppIntent.swift in Sources */,
				E70700752B191F6400BE82DA /* WidgetBundle.swift in Sources */,
				E70700792B191F6400BE82DA /* Widget.swift in Sources */,
			);
			runOnlyForDeploymentPostprocessing = 0;
		};
		E77FEEA32B1D237F00AAB05B /* Sources */ = {
			isa = PBXSourcesBuildPhase;
			buildActionMask = 2147483647;
			files = (
				E77FEEAE2B1D237F00AAB05B /* ViewController.swift in Sources */,
				E77FEEAA2B1D237F00AAB05B /* AppDelegate.swift in Sources */,
				E77FEEAC2B1D237F00AAB05B /* SceneDelegate.swift in Sources */,
			);
			runOnlyForDeploymentPostprocessing = 0;
		};
/* End PBXSourcesBuildPhase section */

/* Begin PBXVariantGroup section */
		E77FEEAF2B1D237F00AAB05B /* Main.storyboard */ = {
			isa = PBXVariantGroup;
			children = (
				E77FEEB02B1D237F00AAB05B /* Base */,
			);
			name = Main.storyboard;
			sourceTree = "<group>";
		};
		E77FEEB42B1D238000AAB05B /* LaunchScreen.storyboard */ = {
			isa = PBXVariantGroup;
			children = (
				E77FEEB52B1D238000AAB05B /* Base */,
			);
			name = LaunchScreen.storyboard;
			sourceTree = "<group>";
		};
/* End PBXVariantGroup section */

/* Begin XCBuildConfiguration section */
		E70700642B191DD200BE82DA /* Debug */ = {
			isa = XCBuildConfiguration;
			buildSettings = {
				ALWAYS_SEARCH_USER_PATHS = NO;
				ASSETCATALOG_COMPILER_GENERATE_SWIFT_ASSET_SYMBOL_EXTENSIONS = YES;
				CLANG_ANALYZER_NONNULL = YES;
				CLANG_ANALYZER_NUMBER_OBJECT_CONVERSION = YES_AGGRESSIVE;
				CLANG_CXX_LANGUAGE_STANDARD = "gnu++20";
				CLANG_ENABLE_MODULES = YES;
				CLANG_ENABLE_OBJC_ARC = YES;
				CLANG_ENABLE_OBJC_WEAK = YES;
				CLANG_WARN_BLOCK_CAPTURE_AUTORELEASING = YES;
				CLANG_WARN_BOOL_CONVERSION = YES;
				CLANG_WARN_COMMA = YES;
				CLANG_WARN_CONSTANT_CONVERSION = YES;
				CLANG_WARN_DEPRECATED_OBJC_IMPLEMENTATIONS = YES;
				CLANG_WARN_DIRECT_OBJC_ISA_USAGE = YES_ERROR;
				CLANG_WARN_DOCUMENTATION_COMMENTS = YES;
				CLANG_WARN_EMPTY_BODY = YES;
				CLANG_WARN_ENUM_CONVERSION = YES;
				CLANG_WARN_INFINITE_RECURSION = YES;
				CLANG_WARN_INT_CONVERSION = YES;
				CLANG_WARN_NON_LITERAL_NULL_CONVERSION = YES;
				CLANG_WARN_OBJC_IMPLICIT_RETAIN_SELF = YES;
				CLANG_WARN_OBJC_LITERAL_CONVERSION = YES;
				CLANG_WARN_OBJC_ROOT_CLASS = YES_ERROR;
				CLANG_WARN_QUOTED_INCLUDE_IN_FRAMEWORK_HEADER = YES;
				CLANG_WARN_RANGE_LOOP_ANALYSIS = YES;
				CLANG_WARN_STRICT_PROTOTYPES = YES;
				CLANG_WARN_SUSPICIOUS_MOVE = YES;
				CLANG_WARN_UNGUARDED_AVAILABILITY = YES_AGGRESSIVE;
				CLANG_WARN_UNREACHABLE_CODE = YES;
				CLANG_WARN__DUPLICATE_METHOD_MATCH = YES;
				COPY_PHASE_STRIP = NO;
				DEBUG_INFORMATION_FORMAT = dwarf;
				ENABLE_STRICT_OBJC_MSGSEND = YES;
				ENABLE_TESTABILITY = YES;
				ENABLE_USER_SCRIPT_SANDBOXING = YES;
				GCC_C_LANGUAGE_STANDARD = gnu17;
				GCC_DYNAMIC_NO_PIC = NO;
				GCC_NO_COMMON_BLOCKS = YES;
				GCC_OPTIMIZATION_LEVEL = 0;
				GCC_PREPROCESSOR_DEFINITIONS = (
					"DEBUG=1",
					"$(inherited)",
				);
				GCC_WARN_64_TO_32_BIT_CONVERSION = YES;
				GCC_WARN_ABOUT_RETURN_TYPE = YES_ERROR;
				GCC_WARN_UNDECLARED_SELECTOR = YES;
				GCC_WARN_UNINITIALIZED_AUTOS = YES_AGGRESSIVE;
				GCC_WARN_UNUSED_FUNCTION = YES;
				GCC_WARN_UNUSED_VARIABLE = YES;
				IPHONEOS_DEPLOYMENT_TARGET = 17.0;
				LOCALIZATION_PREFERS_STRING_CATALOGS = YES;
				MTL_ENABLE_DEBUG_INFO = INCLUDE_SOURCE;
				MTL_FAST_MATH = YES;
				ONLY_ACTIVE_ARCH = YES;
				SDKROOT = iphoneos;
				SWIFT_ACTIVE_COMPILATION_CONDITIONS = "DEBUG $(inherited)";
				SWIFT_OPTIMIZATION_LEVEL = "-Onone";
			};
			name = Debug;
		};
		E70700652B191DD200BE82DA /* Release */ = {
			isa = XCBuildConfiguration;
			buildSettings = {
				ALWAYS_SEARCH_USER_PATHS = NO;
				ASSETCATALOG_COMPILER_GENERATE_SWIFT_ASSET_SYMBOL_EXTENSIONS = YES;
				CLANG_ANALYZER_NONNULL = YES;
				CLANG_ANALYZER_NUMBER_OBJECT_CONVERSION = YES_AGGRESSIVE;
				CLANG_CXX_LANGUAGE_STANDARD = "gnu++20";
				CLANG_ENABLE_MODULES = YES;
				CLANG_ENABLE_OBJC_ARC = YES;
				CLANG_ENABLE_OBJC_WEAK = YES;
				CLANG_WARN_BLOCK_CAPTURE_AUTORELEASING = YES;
				CLANG_WARN_BOOL_CONVERSION = YES;
				CLANG_WARN_COMMA = YES;
				CLANG_WARN_CONSTANT_CONVERSION = YES;
				CLANG_WARN_DEPRECATED_OBJC_IMPLEMENTATIONS = YES;
				CLANG_WARN_DIRECT_OBJC_ISA_USAGE = YES_ERROR;
				CLANG_WARN_DOCUMENTATION_COMMENTS = YES;
				CLANG_WARN_EMPTY_BODY = YES;
				CLANG_WARN_ENUM_CONVERSION = YES;
				CLANG_WARN_INFINITE_RECURSION = YES;
				CLANG_WARN_INT_CONVERSION = YES;
				CLANG_WARN_NON_LITERAL_NULL_CONVERSION = YES;
				CLANG_WARN_OBJC_IMPLICIT_RETAIN_SELF = YES;
				CLANG_WARN_OBJC_LITERAL_CONVERSION = YES;
				CLANG_WARN_OBJC_ROOT_CLASS = YES_ERROR;
				CLANG_WARN_QUOTED_INCLUDE_IN_FRAMEWORK_HEADER = YES;
				CLANG_WARN_RANGE_LOOP_ANALYSIS = YES;
				CLANG_WARN_STRICT_PROTOTYPES = YES;
				CLANG_WARN_SUSPICIOUS_MOVE = YES;
				CLANG_WARN_UNGUARDED_AVAILABILITY = YES_AGGRESSIVE;
				CLANG_WARN_UNREACHABLE_CODE = YES;
				CLANG_WARN__DUPLICATE_METHOD_MATCH = YES;
				COPY_PHASE_STRIP = NO;
				DEBUG_INFORMATION_FORMAT = "dwarf-with-dsym";
				ENABLE_NS_ASSERTIONS = NO;
				ENABLE_STRICT_OBJC_MSGSEND = YES;
				ENABLE_USER_SCRIPT_SANDBOXING = YES;
				GCC_C_LANGUAGE_STANDARD = gnu17;
				GCC_NO_COMMON_BLOCKS = YES;
				GCC_WARN_64_TO_32_BIT_CONVERSION = YES;
				GCC_WARN_ABOUT_RETURN_TYPE = YES_ERROR;
				GCC_WARN_UNDECLARED_SELECTOR = YES;
				GCC_WARN_UNINITIALIZED_AUTOS = YES_AGGRESSIVE;
				GCC_WARN_UNUSED_FUNCTION = YES;
				GCC_WARN_UNUSED_VARIABLE = YES;
				IPHONEOS_DEPLOYMENT_TARGET = 17.0;
				LOCALIZATION_PREFERS_STRING_CATALOGS = YES;
				MTL_ENABLE_DEBUG_INFO = NO;
				MTL_FAST_MATH = YES;
				SDKROOT = iphoneos;
				SWIFT_COMPILATION_MODE = wholemodule;
				VALIDATE_PRODUCT = YES;
			};
			name = Release;
		};
		E70700832B191F6500BE82DA /* Debug */ = {
			isa = XCBuildConfiguration;
			buildSettings = {
				ASSETCATALOG_COMPILER_GLOBAL_ACCENT_COLOR_NAME = AccentColor;
				ASSETCATALOG_COMPILER_WIDGET_BACKGROUND_COLOR_NAME = WidgetBackground;
				CODE_SIGN_ENTITLEMENTS = WidgetExtension.entitlements;
				CODE_SIGN_IDENTITY = "Apple Development";
				"CODE_SIGN_IDENTITY[sdk=iphoneos*]" = "iPhone Developer";
				CODE_SIGN_STYLE = Manual;
				CURRENT_PROJECT_VERSION = 7;
				DEVELOPMENT_TEAM = "";
				"DEVELOPMENT_TEAM[sdk=iphoneos*]" = PGTE36R5G3;
				GENERATE_INFOPLIST_FILE = YES;
				INFOPLIST_FILE = WidgetExtension/Info.plist;
				INFOPLIST_KEY_CFBundleDisplayName = Widget;
				INFOPLIST_KEY_NSHumanReadableCopyright = "";
				IPHONEOS_DEPLOYMENT_TARGET = 17.0;
				LD_RUNPATH_SEARCH_PATHS = (
					"$(inherited)",
					"@executable_path/Frameworks",
					"@executable_path/../../Frameworks",
				);
				MARKETING_VERSION = 1.3;
				PRODUCT_BUNDLE_IDENTIFIER = com.vlbor.JKChat.Widget;
				PRODUCT_NAME = "$(TARGET_NAME)";
				PROVISIONING_PROFILE_SPECIFIER = "";
				"PROVISIONING_PROFILE_SPECIFIER[sdk=iphoneos*]" = "JKChat Widget Development";
				SKIP_INSTALL = YES;
				SUPPORTED_PLATFORMS = "iphoneos iphonesimulator";
				SUPPORTS_MACCATALYST = NO;
				SUPPORTS_MAC_DESIGNED_FOR_IPHONE_IPAD = YES;
				SWIFT_EMIT_LOC_STRINGS = YES;
				SWIFT_VERSION = 5.0;
				TARGETED_DEVICE_FAMILY = "1,2";
			};
			name = Debug;
		};
		E70700842B191F6500BE82DA /* Release */ = {
			isa = XCBuildConfiguration;
			buildSettings = {
				ASSETCATALOG_COMPILER_GLOBAL_ACCENT_COLOR_NAME = AccentColor;
				ASSETCATALOG_COMPILER_WIDGET_BACKGROUND_COLOR_NAME = WidgetBackground;
				CODE_SIGN_ENTITLEMENTS = WidgetExtension.entitlements;
				CODE_SIGN_IDENTITY = "Apple Development";
				"CODE_SIGN_IDENTITY[sdk=iphoneos*]" = "iPhone Distribution";
				CODE_SIGN_STYLE = Manual;
				CURRENT_PROJECT_VERSION = 7;
				DEVELOPMENT_TEAM = "";
				"DEVELOPMENT_TEAM[sdk=iphoneos*]" = PGTE36R5G3;
				GENERATE_INFOPLIST_FILE = YES;
				INFOPLIST_FILE = WidgetExtension/Info.plist;
				INFOPLIST_KEY_CFBundleDisplayName = Widget;
				INFOPLIST_KEY_NSHumanReadableCopyright = "";
				IPHONEOS_DEPLOYMENT_TARGET = 17.0;
				LD_RUNPATH_SEARCH_PATHS = (
					"$(inherited)",
					"@executable_path/Frameworks",
					"@executable_path/../../Frameworks",
				);
				MARKETING_VERSION = 1.3;
				PRODUCT_BUNDLE_IDENTIFIER = com.vlbor.JKChat.Widget;
				PRODUCT_NAME = "$(TARGET_NAME)";
				PROVISIONING_PROFILE_SPECIFIER = "";
				"PROVISIONING_PROFILE_SPECIFIER[sdk=iphoneos*]" = "JKChat Widget";
				SKIP_INSTALL = YES;
				SUPPORTED_PLATFORMS = "iphoneos iphonesimulator";
				SUPPORTS_MACCATALYST = NO;
				SUPPORTS_MAC_DESIGNED_FOR_IPHONE_IPAD = YES;
				SWIFT_EMIT_LOC_STRINGS = YES;
				SWIFT_VERSION = 5.0;
				TARGETED_DEVICE_FAMILY = "1,2";
			};
			name = Release;
		};
		E77FEEB92B1D238000AAB05B /* Debug */ = {
			isa = XCBuildConfiguration;
			buildSettings = {
				ASSETCATALOG_COMPILER_APPICON_NAME = AppIcon;
				ASSETCATALOG_COMPILER_GLOBAL_ACCENT_COLOR_NAME = AccentColor;
				CODE_SIGN_ENTITLEMENTS = JKChat.iOS.Widget.Native/JKChat.iOS.Widget.Native.entitlements;
				CODE_SIGN_IDENTITY = "Apple Development";
				"CODE_SIGN_IDENTITY[sdk=iphoneos*]" = "iPhone Developer";
				CODE_SIGN_STYLE = Manual;
				CURRENT_PROJECT_VERSION = 7;
				DEVELOPMENT_TEAM = "";
				"DEVELOPMENT_TEAM[sdk=iphoneos*]" = PGTE36R5G3;
				GENERATE_INFOPLIST_FILE = YES;
				INFOPLIST_FILE = JKChat.iOS.Widget.Native/Info.plist;
				INFOPLIST_KEY_UIApplicationSupportsIndirectInputEvents = YES;
				INFOPLIST_KEY_UILaunchStoryboardName = LaunchScreen;
				INFOPLIST_KEY_UIMainStoryboardFile = Main;
				INFOPLIST_KEY_UISupportedInterfaceOrientations_iPad = "UIInterfaceOrientationPortrait UIInterfaceOrientationPortraitUpsideDown UIInterfaceOrientationLandscapeLeft UIInterfaceOrientationLandscapeRight";
				INFOPLIST_KEY_UISupportedInterfaceOrientations_iPhone = "UIInterfaceOrientationPortrait UIInterfaceOrientationLandscapeLeft UIInterfaceOrientationLandscapeRight";
				IPHONEOS_DEPLOYMENT_TARGET = 17.0;
				LD_RUNPATH_SEARCH_PATHS = (
					"$(inherited)",
					"@executable_path/Frameworks",
				);
				MARKETING_VERSION = 1.3;
				PRODUCT_BUNDLE_IDENTIFIER = com.vlbor.JKChat;
				PRODUCT_NAME = "$(TARGET_NAME)";
				PROVISIONING_PROFILE_SPECIFIER = "";
				"PROVISIONING_PROFILE_SPECIFIER[sdk=iphoneos*]" = "JKChat Development";
				SUPPORTED_PLATFORMS = "iphoneos iphonesimulator";
				SUPPORTS_MACCATALYST = NO;
				SUPPORTS_MAC_DESIGNED_FOR_IPHONE_IPAD = YES;
				SWIFT_EMIT_LOC_STRINGS = YES;
				SWIFT_VERSION = 5.0;
				TARGETED_DEVICE_FAMILY = "1,2";
			};
			name = Debug;
		};
		E77FEEBA2B1D238000AAB05B /* Release */ = {
			isa = XCBuildConfiguration;
			buildSettings = {
				ASSETCATALOG_COMPILER_APPICON_NAME = AppIcon;
				ASSETCATALOG_COMPILER_GLOBAL_ACCENT_COLOR_NAME = AccentColor;
				CODE_SIGN_ENTITLEMENTS = JKChat.iOS.Widget.Native/JKChat.iOS.Widget.Native.entitlements;
				CODE_SIGN_IDENTITY = "Apple Development";
				"CODE_SIGN_IDENTITY[sdk=iphoneos*]" = "iPhone Distribution";
				CODE_SIGN_STYLE = Manual;
				CURRENT_PROJECT_VERSION = 7;
				DEVELOPMENT_TEAM = "";
				"DEVELOPMENT_TEAM[sdk=iphoneos*]" = PGTE36R5G3;
				GENERATE_INFOPLIST_FILE = YES;
				INFOPLIST_FILE = JKChat.iOS.Widget.Native/Info.plist;
				INFOPLIST_KEY_UIApplicationSupportsIndirectInputEvents = YES;
				INFOPLIST_KEY_UILaunchStoryboardName = LaunchScreen;
				INFOPLIST_KEY_UIMainStoryboardFile = Main;
				INFOPLIST_KEY_UISupportedInterfaceOrientations_iPad = "UIInterfaceOrientationPortrait UIInterfaceOrientationPortraitUpsideDown UIInterfaceOrientationLandscapeLeft UIInterfaceOrientationLandscapeRight";
				INFOPLIST_KEY_UISupportedInterfaceOrientations_iPhone = "UIInterfaceOrientationPortrait UIInterfaceOrientationLandscapeLeft UIInterfaceOrientationLandscapeRight";
				IPHONEOS_DEPLOYMENT_TARGET = 17.0;
				LD_RUNPATH_SEARCH_PATHS = (
					"$(inherited)",
					"@executable_path/Frameworks",
				);
				MARKETING_VERSION = 1.3;
				PRODUCT_BUNDLE_IDENTIFIER = com.vlbor.JKChat;
				PRODUCT_NAME = "$(TARGET_NAME)";
				PROVISIONING_PROFILE_SPECIFIER = "";
				"PROVISIONING_PROFILE_SPECIFIER[sdk=iphoneos*]" = JKChat;
				SUPPORTED_PLATFORMS = "iphoneos iphonesimulator";
				SUPPORTS_MACCATALYST = NO;
				SUPPORTS_MAC_DESIGNED_FOR_IPHONE_IPAD = YES;
				SWIFT_EMIT_LOC_STRINGS = YES;
				SWIFT_VERSION = 5.0;
				TARGETED_DEVICE_FAMILY = "1,2";
			};
			name = Release;
		};
/* End XCBuildConfiguration section */

/* Begin XCConfigurationList section */
		E707004D2B191DD000BE82DA /* Build configuration list for PBXProject "JKChat.iOS.Widget.Native" */ = {
			isa = XCConfigurationList;
			buildConfigurations = (
				E70700642B191DD200BE82DA /* Debug */,
				E70700652B191DD200BE82DA /* Release */,
			);
			defaultConfigurationIsVisible = 0;
			defaultConfigurationName = Release;
		};
		E70700822B191F6500BE82DA /* Build configuration list for PBXNativeTarget "WidgetExtension" */ = {
			isa = XCConfigurationList;
			buildConfigurations = (
				E70700832B191F6500BE82DA /* Debug */,
				E70700842B191F6500BE82DA /* Release */,
			);
			defaultConfigurationIsVisible = 0;
			defaultConfigurationName = Release;
		};
		E77FEEB82B1D238000AAB05B /* Build configuration list for PBXNativeTarget "JKChat.iOS.Widget.Native" */ = {
			isa = XCConfigurationList;
			buildConfigurations = (
				E77FEEB92B1D238000AAB05B /* Debug */,
				E77FEEBA2B1D238000AAB05B /* Release */,
			);
			defaultConfigurationIsVisible = 0;
			defaultConfigurationName = Release;
		};
/* End XCConfigurationList section */
	};
	rootObject = E707004A2B191DD000BE82DA /* Project object */;
}
